
Microsoft Visual Studio Solution File, Format Version 12.00
# Visual Studio Version 16
VisualStudioVersion = 16.0.31911.196
MinimumVisualStudioVersion = 10.0.40219.1
Project("{FAE04EC0-301F-11D3-BF4B-00C04F79EFBC}") = "HRSystem.Web", "HRSystem\HRSystem.Web.csproj", "{45B960A6-6F54-47E9-A5C7-693B1824C190}"
EndProject
Project("{FAE04EC0-301F-11D3-BF4B-00C04F79EFBC}") = "HRSystem.Application", "HRSystem.Application\HRSystem.Application.csproj", "{FE71A02F-AB7C-4E8A-A347-C64AB825ADB0}"
EndProject
Project("{FAE04EC0-301F-11D3-BF4B-00C04F79EFBC}") = "HRSystem.Domain", "HRSystem.Domain\HRSystem.Domain.csproj", "{E3A67A18-139B-41DA-B386-3B81C5AA316E}"
EndProject
Project("{FAE04EC0-301F-11D3-BF4B-00C04F79EFBC}") = "HRSystem.DomainService", "HRSystem.DomainService\HRSystem.DomainService.csproj", "{C0CDAE72-60BD-45C0-9551-2005CA7A9210}"
EndProject
Project("{FAE04EC0-301F-11D3-BF4B-00C04F79EFBC}") = "HRSystem.Infrastructure", "HRSystem.Infrastructure\HRSystem.Infrastructure.csproj", "{408EF155-D106-4606-B52C-BFC00F57191C}"
EndProject
Global
	GlobalSection(SolutionConfigurationPlatforms) = preSolution
		Debug|Any CPU = Debug|Any CPU
		Release|Any CPU = Release|Any CPU
	EndGlobalSection
	GlobalSection(ProjectConfigurationPlatforms) = postSolution
		{45B960A6-6F54-47E9-A5C7-693B1824C190}.Debug|Any CPU.ActiveCfg = Debug|Any CPU
		{45B960A6-6F54-47E9-A5C7-693B1824C190}.Debug|Any CPU.Build.0 = Debug|Any CPU
		{45B960A6-6F54-47E9-A5C7-693B1824C190}.Release|Any CPU.ActiveCfg = Release|Any CPU
		{45B960A6-6F54-47E9-A5C7-693B1824C190}.Release|Any CPU.Build.0 = Release|Any CPU
		{FE71A02F-AB7C-4E8A-A347-C64AB825ADB0}.Debug|Any CPU.ActiveCfg = Debug|Any CPU
		{FE71A02F-AB7C-4E8A-A347-C64AB825ADB0}.Debug|Any CPU.Build.0 = Debug|Any CPU
		{FE71A02F-AB7C-4E8A-A347-C64AB825ADB0}.Release|Any CPU.ActiveCfg = Release|Any CPU
		{FE71A02F-AB7C-4E8A-A347-C64AB825ADB0}.Release|Any CPU.Build.0 = Release|Any CPU
		{E3A67A18-139B-41DA-B386-3B81C5AA316E}.Debug|Any CPU.ActiveCfg = Debug|Any CPU
		{E3A67A18-139B-41DA-B386-3B81C5AA316E}.Debug|Any CPU.Build.0 = Debug|Any CPU
		{E3A67A18-139B-41DA-B386-3B81C5AA316E}.Release|Any CPU.ActiveCfg = Release|Any CPU
		{E3A67A18-139B-41DA-B386-3B81C5AA316E}.Release|Any CPU.Build.0 = Release|Any CPU
		{C0CDAE72-60BD-45C0-9551-2005CA7A9210}.Debug|Any CPU.ActiveCfg = Debug|Any CPU
		{C0CDAE72-60BD-45C0-9551-2005CA7A9210}.Debug|Any CPU.Build.0 = Debug|Any CPU
		{C0CDAE72-60BD-45C0-9551-2005CA7A9210}.Release|Any CPU.ActiveCfg = Release|Any CPU
		{C0CDAE72-60BD-45C0-9551-2005CA7A9210}.Release|Any CPU.Build.0 = Release|Any CPU
		{408EF155-D106-4606-B52C-BFC00F57191C}.Debug|Any CPU.ActiveCfg = Debug|Any CPU
		{408EF155-D106-4606-B52C-BFC00F57191C}.Debug|Any CPU.Build.0 = Debug|Any CPU
		{408EF155-D106-4606-B52C-BFC00F57191C}.Release|Any CPU.ActiveCfg = Release|Any CPU
		{408EF155-D106-4606-B52C-BFC00F57191C}.Release|Any CPU.Build.0 = Release|Any CPU
	EndGlobalSection
	GlobalSection(SolutionProperties) = preSolution
		HideSolutionNode = FALSE
	EndGlobalSection
	GlobalSection(ExtensibilityGlobals) = postSolution
		SolutionGuid = {DEF2B747-C5F5-4EEA-B972-31BE655206A0}
	EndGlobalSection
EndGlobal
